PODS:
  - Masonry (1.1.0)
  - ZZWViews (0.1.0):
    - Masonry (~> 1.1.0)

DEPENDENCIES:
  - ZZWViews (from `../`)

SPEC REPOS:
  trunk:
    - Masonry

EXTERNAL SOURCES:
  ZZWViews:
    :path: "../"

SPEC CHECKSUMS:
  Masonry: 678fab65091a9290e40e2832a55e7ab731aad201
  ZZWViews: 60a005548e3dc18a09688433c9b3f4bb1e82b269

PODFILE CHECKSUM: f0fa67b0d78b21a3048b618c586e7a9db467c1af

COCOAPODS: 1.11.3
